
Microsoft Visual Studio Solution File, Format Version 12.00
# Visual Studio Version 17
VisualStudioVersion = 17.0.31903.59
MinimumVisualStudioVersion = 10.0.40219.1
Project("{2150E333-8FDC-42A3-9474-1A3956D46DE8}") = "src", "src", "{4C98CAFA-C068-475D-AFE4-16E244CC661F}"
EndProject
Project("{FAE04EC0-301F-11D3-BF4B-00C04F79EFBC}") = "Identity.API", "src\Identity.API\Identity.API.csproj", "{7403EE58-D82C-4A25-A3A7-1C589013925A}"
EndProject
Project("{2150E333-8FDC-42A3-9474-1A3956D46DE8}") = "Exam", "Exam", "{DA10F3F0-6413-45BF-870F-3C2E58A9C948}"
EndProject
Project("{FAE04EC0-301F-11D3-BF4B-00C04F79EFBC}") = "Exam.API", "src\Exam\Exam.API\Exam.API.csproj", "{8492CF38-9A53-45D8-8BBC-599729DA63FE}"
EndProject
Project("{FAE04EC0-301F-11D3-BF4B-00C04F79EFBC}") = "Exam.Application", "src\Exam\Exam.Application\Exam.Application.csproj", "{66274CDB-A5EC-4314-B43B-654F0C2E7C78}"
EndProject
Project("{FAE04EC0-301F-11D3-BF4B-00C04F79EFBC}") = "Exam.Domain", "src\Exam\Exam.Domain\Exam.Domain.csproj", "{2B93BEC8-4EF4-4F8C-BBBA-33CDEA601FB0}"
EndProject
Project("{FAE04EC0-301F-11D3-BF4B-00C04F79EFBC}") = "Exam.Infrastructure", "src\Exam\Exam.Infrastructure\Exam.Infrastructure.csproj", "{F2CA6790-3E24-4AFD-A847-DD99F40578BE}"
EndProject
Project("{2150E333-8FDC-42A3-9474-1A3956D46DE8}") = "tests", "tests", "{FB46D80F-786B-48E0-80B5-8559C5572A3A}"
EndProject
Project("{2150E333-8FDC-42A3-9474-1A3956D46DE8}") = "Identity.API", "Identity.API", "{127B2D9E-8A0B-49A7-84D2-EE3FA3B8858E}"
EndProject
Project("{FAE04EC0-301F-11D3-BF4B-00C04F79EFBC}") = "Identity.API.IntegrationTests", "tests\Identity.API\Identity.API.IntegrationTests\Identity.API.IntegrationTests.csproj", "{B8C089A4-A8B8-46C7-8813-5E60E3803636}"
EndProject
Project("{2150E333-8FDC-42A3-9474-1A3956D46DE8}") = "Exam", "Exam", "{34455F65-B766-414E-83CF-AA768AB42AA5}"
EndProject
Project("{FAE04EC0-301F-11D3-BF4B-00C04F79EFBC}") = "Exam.Infrastructure.IntegrationTests", "tests\Exam\Exam.Infrastructure.IntegrationTests\Exam.Infrastructure.IntegrationTests.csproj", "{7AC959CE-7619-43F5-8C49-9C5CAC67100A}"
EndProject
Project("{FAE04EC0-301F-11D3-BF4B-00C04F79EFBC}") = "Exam.Domain.UnitTests", "tests\Exam\Exam.Domain.UnitTests\Exam.Domain.UnitTests.csproj", "{6777E06F-103A-465C-9C74-731CF3B0C9F7}"
EndProject
Project("{FAE04EC0-301F-11D3-BF4B-00C04F79EFBC}") = "Exam.Application.UnitTests", "tests\Exam\Exam.Application.UnitTests\Exam.Application.UnitTests.csproj", "{525B28E3-17E1-4D55-8118-358106409917}"
EndProject
Project("{FAE04EC0-301F-11D3-BF4B-00C04F79EFBC}") = "Exam.API.IntegrationTests", "tests\Exam\Exam.API.IntegrationTests\Exam.API.IntegrationTests.csproj", "{84ED9A34-8D61-4338-A363-5D623552B625}"
EndProject
Global
	GlobalSection(SolutionConfigurationPlatforms) = preSolution
		Debug|Any CPU = Debug|Any CPU
		Release|Any CPU = Release|Any CPU
	EndGlobalSection
	GlobalSection(SolutionProperties) = preSolution
		HideSolutionNode = FALSE
	EndGlobalSection
	GlobalSection(ProjectConfigurationPlatforms) = postSolution
		{7403EE58-D82C-4A25-A3A7-1C589013925A}.Debug|Any CPU.ActiveCfg = Debug|Any CPU
		{7403EE58-D82C-4A25-A3A7-1C589013925A}.Debug|Any CPU.Build.0 = Debug|Any CPU
		{7403EE58-D82C-4A25-A3A7-1C589013925A}.Release|Any CPU.ActiveCfg = Release|Any CPU
		{7403EE58-D82C-4A25-A3A7-1C589013925A}.Release|Any CPU.Build.0 = Release|Any CPU
		{8492CF38-9A53-45D8-8BBC-599729DA63FE}.Debug|Any CPU.ActiveCfg = Debug|Any CPU
		{8492CF38-9A53-45D8-8BBC-599729DA63FE}.Debug|Any CPU.Build.0 = Debug|Any CPU
		{8492CF38-9A53-45D8-8BBC-599729DA63FE}.Release|Any CPU.ActiveCfg = Release|Any CPU
		{8492CF38-9A53-45D8-8BBC-599729DA63FE}.Release|Any CPU.Build.0 = Release|Any CPU
		{66274CDB-A5EC-4314-B43B-654F0C2E7C78}.Debug|Any CPU.ActiveCfg = Debug|Any CPU
		{66274CDB-A5EC-4314-B43B-654F0C2E7C78}.Debug|Any CPU.Build.0 = Debug|Any CPU
		{66274CDB-A5EC-4314-B43B-654F0C2E7C78}.Release|Any CPU.ActiveCfg = Release|Any CPU
		{66274CDB-A5EC-4314-B43B-654F0C2E7C78}.Release|Any CPU.Build.0 = Release|Any CPU
		{2B93BEC8-4EF4-4F8C-BBBA-33CDEA601FB0}.Debug|Any CPU.ActiveCfg = Debug|Any CPU
		{2B93BEC8-4EF4-4F8C-BBBA-33CDEA601FB0}.Debug|Any CPU.Build.0 = Debug|Any CPU
		{2B93BEC8-4EF4-4F8C-BBBA-33CDEA601FB0}.Release|Any CPU.ActiveCfg = Release|Any CPU
		{2B93BEC8-4EF4-4F8C-BBBA-33CDEA601FB0}.Release|Any CPU.Build.0 = Release|Any CPU
		{F2CA6790-3E24-4AFD-A847-DD99F40578BE}.Debug|Any CPU.ActiveCfg = Debug|Any CPU
		{F2CA6790-3E24-4AFD-A847-DD99F40578BE}.Debug|Any CPU.Build.0 = Debug|Any CPU
		{F2CA6790-3E24-4AFD-A847-DD99F40578BE}.Release|Any CPU.ActiveCfg = Release|Any CPU
		{F2CA6790-3E24-4AFD-A847-DD99F40578BE}.Release|Any CPU.Build.0 = Release|Any CPU
		{B8C089A4-A8B8-46C7-8813-5E60E3803636}.Debug|Any CPU.ActiveCfg = Debug|Any CPU
		{B8C089A4-A8B8-46C7-8813-5E60E3803636}.Debug|Any CPU.Build.0 = Debug|Any CPU
		{B8C089A4-A8B8-46C7-8813-5E60E3803636}.Release|Any CPU.ActiveCfg = Release|Any CPU
		{B8C089A4-A8B8-46C7-8813-5E60E3803636}.Release|Any CPU.Build.0 = Release|Any CPU
		{7AC959CE-7619-43F5-8C49-9C5CAC67100A}.Debug|Any CPU.ActiveCfg = Debug|Any CPU
		{7AC959CE-7619-43F5-8C49-9C5CAC67100A}.Debug|Any CPU.Build.0 = Debug|Any CPU
		{7AC959CE-7619-43F5-8C49-9C5CAC67100A}.Release|Any CPU.ActiveCfg = Release|Any CPU
		{7AC959CE-7619-43F5-8C49-9C5CAC67100A}.Release|Any CPU.Build.0 = Release|Any CPU
		{6777E06F-103A-465C-9C74-731CF3B0C9F7}.Debug|Any CPU.ActiveCfg = Debug|Any CPU
		{6777E06F-103A-465C-9C74-731CF3B0C9F7}.Debug|Any CPU.Build.0 = Debug|Any CPU
		{6777E06F-103A-465C-9C74-731CF3B0C9F7}.Release|Any CPU.ActiveCfg = Release|Any CPU
		{6777E06F-103A-465C-9C74-731CF3B0C9F7}.Release|Any CPU.Build.0 = Release|Any CPU
		{525B28E3-17E1-4D55-8118-358106409917}.Debug|Any CPU.ActiveCfg = Debug|Any CPU
		{525B28E3-17E1-4D55-8118-358106409917}.Debug|Any CPU.Build.0 = Debug|Any CPU
		{525B28E3-17E1-4D55-8118-358106409917}.Release|Any CPU.ActiveCfg = Release|Any CPU
		{525B28E3-17E1-4D55-8118-358106409917}.Release|Any CPU.Build.0 = Release|Any CPU
		{84ED9A34-8D61-4338-A363-5D623552B625}.Debug|Any CPU.ActiveCfg = Debug|Any CPU
		{84ED9A34-8D61-4338-A363-5D623552B625}.Debug|Any CPU.Build.0 = Debug|Any CPU
		{84ED9A34-8D61-4338-A363-5D623552B625}.Release|Any CPU.ActiveCfg = Release|Any CPU
		{84ED9A34-8D61-4338-A363-5D623552B625}.Release|Any CPU.Build.0 = Release|Any CPU
	EndGlobalSection
	GlobalSection(NestedProjects) = preSolution
		{7403EE58-D82C-4A25-A3A7-1C589013925A} = {4C98CAFA-C068-475D-AFE4-16E244CC661F}
		{DA10F3F0-6413-45BF-870F-3C2E58A9C948} = {4C98CAFA-C068-475D-AFE4-16E244CC661F}
		{8492CF38-9A53-45D8-8BBC-599729DA63FE} = {DA10F3F0-6413-45BF-870F-3C2E58A9C948}
		{66274CDB-A5EC-4314-B43B-654F0C2E7C78} = {DA10F3F0-6413-45BF-870F-3C2E58A9C948}
		{2B93BEC8-4EF4-4F8C-BBBA-33CDEA601FB0} = {DA10F3F0-6413-45BF-870F-3C2E58A9C948}
		{F2CA6790-3E24-4AFD-A847-DD99F40578BE} = {DA10F3F0-6413-45BF-870F-3C2E58A9C948}
		{127B2D9E-8A0B-49A7-84D2-EE3FA3B8858E} = {FB46D80F-786B-48E0-80B5-8559C5572A3A}
		{B8C089A4-A8B8-46C7-8813-5E60E3803636} = {127B2D9E-8A0B-49A7-84D2-EE3FA3B8858E}
		{34455F65-B766-414E-83CF-AA768AB42AA5} = {FB46D80F-786B-48E0-80B5-8559C5572A3A}
		{7AC959CE-7619-43F5-8C49-9C5CAC67100A} = {34455F65-B766-414E-83CF-AA768AB42AA5}
		{6777E06F-103A-465C-9C74-731CF3B0C9F7} = {34455F65-B766-414E-83CF-AA768AB42AA5}
		{525B28E3-17E1-4D55-8118-358106409917} = {34455F65-B766-414E-83CF-AA768AB42AA5}
		{84ED9A34-8D61-4338-A363-5D623552B625} = {34455F65-B766-414E-83CF-AA768AB42AA5}
	EndGlobalSection
EndGlobal
